
Microsoft Visual Studio Solution File, Format Version 12.00
# Visual Studio 15
VisualStudioVersion = 15.0.28307.572
MinimumVisualStudioVersion = 10.0.40219.1
Project("{FAE04EC0-301F-11D3-BF4B-00C04F79EFBC}") = "WebMvc", "WebMvc\WebMvc.csproj", "{E825FEEF-0B04-4652-B6C2-0820CBF89E83}"
EndProject
Global
	GlobalSection(SolutionConfigurationPlatforms) = preSolution
		Debug|Any CPU = Debug|Any CPU
		Release|Any CPU = Release|Any CPU
	EndGlobalSection
	GlobalSection(ProjectConfigurationPlatforms) = postSolution
		{E825FEEF-0B04-4652-B6C2-0820CBF89E83}.Debug|Any CPU.ActiveCfg = Debug|Any CPU
		{E825FEEF-0B04-4652-B6C2-0820CBF89E83}.Debug|Any CPU.Build.0 = Debug|Any CPU
		{E825FEEF-0B04-4652-B6C2-0820CBF89E83}.Release|Any CPU.ActiveCfg = Release|Any CPU
		{E825FEEF-0B04-4652-B6C2-0820CBF89E83}.Release|Any CPU.Build.0 = Release|Any CPU
	EndGlobalSection
	GlobalSection(SolutionProperties) = preSolution
		HideSolutionNode = FALSE
	EndGlobalSection
	GlobalSection(ExtensibilityGlobals) = postSolution
		SolutionGuid = {6E8AE56E-D9D9-4A22-83DC-6841DA490677}
	EndGlobalSection
EndGlobal
